
Microsoft Visual Studio Solution File, Format Version 12.00
# Visual Studio Version 16
VisualStudioVersion = 16.0.31019.35
MinimumVisualStudioVersion = 10.0.40219.1
Project("{FAE04EC0-301F-11D3-BF4B-00C04F79EFBC}") = "lesson5tasks", "lesson5tasks\lesson5tasks.csproj", "{4B261BF1-FC0D-4931-BD20-EFC3E71759FB}"
EndProject
Global
	GlobalSection(SolutionConfigurationPlatforms) = preSolution
		Debug|Any CPU = Debug|Any CPU
		Release|Any CPU = Release|Any CPU
	EndGlobalSection
	GlobalSection(ProjectConfigurationPlatforms) = postSolution
		{4B261BF1-FC0D-4931-BD20-EFC3E71759FB}.Debug|Any CPU.ActiveCfg = Debug|Any CPU
		{4B261BF1-FC0D-4931-BD20-EFC3E71759FB}.Debug|Any CPU.Build.0 = Debug|Any CPU
		{4B261BF1-FC0D-4931-BD20-EFC3E71759FB}.Release|Any CPU.ActiveCfg = Release|Any CPU
		{4B261BF1-FC0D-4931-BD20-EFC3E71759FB}.Release|Any CPU.Build.0 = Release|Any CPU
	EndGlobalSection
	GlobalSection(SolutionProperties) = preSolution
		HideSolutionNode = FALSE
	EndGlobalSection
	GlobalSection(ExtensibilityGlobals) = postSolution
		SolutionGuid = {9ADA62D8-695F-4BAF-9BF3-A520474B7A98}
	EndGlobalSection
EndGlobal
